
Microsoft Visual Studio Solution File, Format Version 12.00
# Visual Studio Version 17
VisualStudioVersion = 17.3.32804.467
MinimumVisualStudioVersion = 10.0.40219.1
Project("{9A19103F-16F7-4668-BE54-9A1E7A4F7556}") = "NModbus", "NModbus\NModbus.csproj", "{80C7B9AA-3192-4829-9D38-36631E0504FC}"
EndProject
Project("{FAE04EC0-301F-11D3-BF4B-00C04F79EFBC}") = "NModbus.Interfaces", "NModbus.Interfaces\NModbus.Interfaces.csproj", "{1441D24C-EA35-4813-B9F1-D37172A99C18}"
EndProject
Project("{FAE04EC0-301F-11D3-BF4B-00C04F79EFBC}") = "NModbus.Tests", "NModbus.Tests\NModbus.Tests.csproj", "{B25A477F-E198-4F3E-9BE7-68FFF72104B5}"
EndProject
Global
	GlobalSection(SolutionConfigurationPlatforms) = preSolution
		Debug|Any CPU = Debug|Any CPU
		Release|Any CPU = Release|Any CPU
	EndGlobalSection
	GlobalSection(ProjectConfigurationPlatforms) = postSolution
		{80C7B9AA-3192-4829-9D38-36631E0504FC}.Debug|Any CPU.ActiveCfg = Debug|Any CPU
		{80C7B9AA-3192-4829-9D38-36631E0504FC}.Debug|Any CPU.Build.0 = Debug|Any CPU
		{80C7B9AA-3192-4829-9D38-36631E0504FC}.Release|Any CPU.ActiveCfg = Release|Any CPU
		{80C7B9AA-3192-4829-9D38-36631E0504FC}.Release|Any CPU.Build.0 = Release|Any CPU
		{1441D24C-EA35-4813-B9F1-D37172A99C18}.Debug|Any CPU.ActiveCfg = Debug|Any CPU
		{1441D24C-EA35-4813-B9F1-D37172A99C18}.Debug|Any CPU.Build.0 = Debug|Any CPU
		{1441D24C-EA35-4813-B9F1-D37172A99C18}.Release|Any CPU.ActiveCfg = Release|Any CPU
		{1441D24C-EA35-4813-B9F1-D37172A99C18}.Release|Any CPU.Build.0 = Release|Any CPU
		{B25A477F-E198-4F3E-9BE7-68FFF72104B5}.Debug|Any CPU.ActiveCfg = Debug|Any CPU
		{B25A477F-E198-4F3E-9BE7-68FFF72104B5}.Debug|Any CPU.Build.0 = Debug|Any CPU
		{B25A477F-E198-4F3E-9BE7-68FFF72104B5}.Release|Any CPU.ActiveCfg = Release|Any CPU
		{B25A477F-E198-4F3E-9BE7-68FFF72104B5}.Release|Any CPU.Build.0 = Release|Any CPU
	EndGlobalSection
	GlobalSection(SolutionProperties) = preSolution
		HideSolutionNode = FALSE
	EndGlobalSection
	GlobalSection(ExtensibilityGlobals) = postSolution
		SolutionGuid = {5416E9F6-B214-44F1-966B-794AAA341CC3}
	EndGlobalSection
EndGlobal
