
Microsoft Visual Studio Solution File, Format Version 12.00
# Visual Studio Version 17
VisualStudioVersion = 17.3.32804.467
MinimumVisualStudioVersion = 10.0.40219.1
Project("{9A19103F-16F7-4668-BE54-9A1E7A4F7556}") = "NModbus", "NModbus\NModbus.csproj", "{80C7B9AA-3192-4829-9D38-36631E0504FC}"
EndProject
Project("{9A19103F-16F7-4668-BE54-9A1E7A4F7556}") = "NModbus.Interfaces", "NModbus.Interfaces\NModbus.Interfaces.csproj", "{1441D24C-EA35-4813-B9F1-D37172A99C18}"
EndProject
Project("{9A19103F-16F7-4668-BE54-9A1E7A4F7556}") = "NModbus.Tests", "NModbus.Tests\NModbus.Tests.csproj", "{B25A477F-E198-4F3E-9BE7-68FFF72104B5}"
EndProject
Project("{9A19103F-16F7-4668-BE54-9A1E7A4F7556}") = "NModbus.BasicServer", "NModbus.BasicServer\NModbus.BasicServer.csproj", "{D6177F89-7C9C-4CC1-81F3-E4248407BBE0}"
EndProject
Project("{2150E333-8FDC-42A3-9474-1A3956D46DE8}") = "Examples", "Examples", "{0C26A446-4E45-4AB2-A00D-62EDFACFC1FA}"
EndProject
Project("{9A19103F-16F7-4668-BE54-9A1E7A4F7556}") = "NModbus.Examples.ModbusTcpServer", "NModbus.Examples.ModbusTcpServer\NModbus.Examples.ModbusTcpServer.csproj", "{20E1A26F-9316-40F5-B793-C2D619F12819}"
EndProject
Project("{2150E333-8FDC-42A3-9474-1A3956D46DE8}") = "Tests", "Tests", "{9DC29837-8406-4634-A209-99F448681DCA}"
EndProject
Project("{9A19103F-16F7-4668-BE54-9A1E7A4F7556}") = "NModbus.Examples.ModbusTcpClient", "NModbus.Examples.ModbusTcpClient\NModbus.Examples.ModbusTcpClient.csproj", "{560C2172-125E-46B2-99ED-6FD0FE40CD32}"
EndProject
Project("{9A19103F-16F7-4668-BE54-9A1E7A4F7556}") = "NModbus.BasicServer.Tests", "NModbus.BasicServer.Tests\NModbus.BasicServer.Tests.csproj", "{E2E3DD7B-242A-4B0C-8EA2-5BD4AAFCA130}"
EndProject
Project("{FAE04EC0-301F-11D3-BF4B-00C04F79EFBC}") = "NModbus.Transport.Tcp", "NModbus.Transport.Tcp\NModbus.Transport.Tcp.csproj", "{06101EB7-D940-4414-B27E-EA067E1E3A6F}"
EndProject
Global
	GlobalSection(SolutionConfigurationPlatforms) = preSolution
		Debug|Any CPU = Debug|Any CPU
		Release|Any CPU = Release|Any CPU
	EndGlobalSection
	GlobalSection(ProjectConfigurationPlatforms) = postSolution
		{80C7B9AA-3192-4829-9D38-36631E0504FC}.Debug|Any CPU.ActiveCfg = Debug|Any CPU
		{80C7B9AA-3192-4829-9D38-36631E0504FC}.Debug|Any CPU.Build.0 = Debug|Any CPU
		{80C7B9AA-3192-4829-9D38-36631E0504FC}.Release|Any CPU.ActiveCfg = Release|Any CPU
		{80C7B9AA-3192-4829-9D38-36631E0504FC}.Release|Any CPU.Build.0 = Release|Any CPU
		{1441D24C-EA35-4813-B9F1-D37172A99C18}.Debug|Any CPU.ActiveCfg = Debug|Any CPU
		{1441D24C-EA35-4813-B9F1-D37172A99C18}.Debug|Any CPU.Build.0 = Debug|Any CPU
		{1441D24C-EA35-4813-B9F1-D37172A99C18}.Release|Any CPU.ActiveCfg = Release|Any CPU
		{1441D24C-EA35-4813-B9F1-D37172A99C18}.Release|Any CPU.Build.0 = Release|Any CPU
		{B25A477F-E198-4F3E-9BE7-68FFF72104B5}.Debug|Any CPU.ActiveCfg = Debug|Any CPU
		{B25A477F-E198-4F3E-9BE7-68FFF72104B5}.Debug|Any CPU.Build.0 = Debug|Any CPU
		{B25A477F-E198-4F3E-9BE7-68FFF72104B5}.Release|Any CPU.ActiveCfg = Release|Any CPU
		{B25A477F-E198-4F3E-9BE7-68FFF72104B5}.Release|Any CPU.Build.0 = Release|Any CPU
		{D6177F89-7C9C-4CC1-81F3-E4248407BBE0}.Debug|Any CPU.ActiveCfg = Debug|Any CPU
		{D6177F89-7C9C-4CC1-81F3-E4248407BBE0}.Debug|Any CPU.Build.0 = Debug|Any CPU
		{D6177F89-7C9C-4CC1-81F3-E4248407BBE0}.Release|Any CPU.ActiveCfg = Release|Any CPU
		{D6177F89-7C9C-4CC1-81F3-E4248407BBE0}.Release|Any CPU.Build.0 = Release|Any CPU
		{20E1A26F-9316-40F5-B793-C2D619F12819}.Debug|Any CPU.ActiveCfg = Debug|Any CPU
		{20E1A26F-9316-40F5-B793-C2D619F12819}.Debug|Any CPU.Build.0 = Debug|Any CPU
		{20E1A26F-9316-40F5-B793-C2D619F12819}.Release|Any CPU.ActiveCfg = Release|Any CPU
		{20E1A26F-9316-40F5-B793-C2D619F12819}.Release|Any CPU.Build.0 = Release|Any CPU
		{560C2172-125E-46B2-99ED-6FD0FE40CD32}.Debug|Any CPU.ActiveCfg = Debug|Any CPU
		{560C2172-125E-46B2-99ED-6FD0FE40CD32}.Debug|Any CPU.Build.0 = Debug|Any CPU
		{560C2172-125E-46B2-99ED-6FD0FE40CD32}.Release|Any CPU.ActiveCfg = Release|Any CPU
		{560C2172-125E-46B2-99ED-6FD0FE40CD32}.Release|Any CPU.Build.0 = Release|Any CPU
		{E2E3DD7B-242A-4B0C-8EA2-5BD4AAFCA130}.Debug|Any CPU.ActiveCfg = Debug|Any CPU
		{E2E3DD7B-242A-4B0C-8EA2-5BD4AAFCA130}.Debug|Any CPU.Build.0 = Debug|Any CPU
		{E2E3DD7B-242A-4B0C-8EA2-5BD4AAFCA130}.Release|Any CPU.ActiveCfg = Release|Any CPU
		{E2E3DD7B-242A-4B0C-8EA2-5BD4AAFCA130}.Release|Any CPU.Build.0 = Release|Any CPU
		{06101EB7-D940-4414-B27E-EA067E1E3A6F}.Debug|Any CPU.ActiveCfg = Debug|Any CPU
		{06101EB7-D940-4414-B27E-EA067E1E3A6F}.Debug|Any CPU.Build.0 = Debug|Any CPU
		{06101EB7-D940-4414-B27E-EA067E1E3A6F}.Release|Any CPU.ActiveCfg = Release|Any CPU
		{06101EB7-D940-4414-B27E-EA067E1E3A6F}.Release|Any CPU.Build.0 = Release|Any CPU
	EndGlobalSection
	GlobalSection(SolutionProperties) = preSolution
		HideSolutionNode = FALSE
	EndGlobalSection
	GlobalSection(NestedProjects) = preSolution
		{B25A477F-E198-4F3E-9BE7-68FFF72104B5} = {9DC29837-8406-4634-A209-99F448681DCA}
		{20E1A26F-9316-40F5-B793-C2D619F12819} = {0C26A446-4E45-4AB2-A00D-62EDFACFC1FA}
		{560C2172-125E-46B2-99ED-6FD0FE40CD32} = {0C26A446-4E45-4AB2-A00D-62EDFACFC1FA}
		{E2E3DD7B-242A-4B0C-8EA2-5BD4AAFCA130} = {9DC29837-8406-4634-A209-99F448681DCA}
	EndGlobalSection
	GlobalSection(ExtensibilityGlobals) = postSolution
		SolutionGuid = {5416E9F6-B214-44F1-966B-794AAA341CC3}
	EndGlobalSection
EndGlobal
